
Microsoft Visual Studio Solution File, Format Version 12.00
# Visual Studio Version 17
VisualStudioVersion = 17.8.34322.80
MinimumVisualStudioVersion = 10.0.40219.1
Project("{9A19103F-16F7-4668-BE54-9A1E7A4F7556}") = "TeensyRom.Cli", "TeensyRom.Cli\TeensyRom.Cli.csproj", "{AD4FE22C-1C45-4BAD-8ADB-6BAE2428A3B7}"
EndProject
Global
	GlobalSection(SolutionConfigurationPlatforms) = preSolution
		Debug|Any CPU = Debug|Any CPU
		Release|Any CPU = Release|Any CPU
	EndGlobalSection
	GlobalSection(ProjectConfigurationPlatforms) = postSolution
		{AD4FE22C-1C45-4BAD-8ADB-6BAE2428A3B7}.Debug|Any CPU.ActiveCfg = Debug|Any CPU
		{AD4FE22C-1C45-4BAD-8ADB-6BAE2428A3B7}.Debug|Any CPU.Build.0 = Debug|Any CPU
		{AD4FE22C-1C45-4BAD-8ADB-6BAE2428A3B7}.Release|Any CPU.ActiveCfg = Release|Any CPU
		{AD4FE22C-1C45-4BAD-8ADB-6BAE2428A3B7}.Release|Any CPU.Build.0 = Release|Any CPU
	EndGlobalSection
	GlobalSection(SolutionProperties) = preSolution
		HideSolutionNode = FALSE
	EndGlobalSection
	GlobalSection(ExtensibilityGlobals) = postSolution
		SolutionGuid = {B80E2AF6-7602-4981-83A9-BD732E2AC034}
	EndGlobalSection
EndGlobal
